
Microsoft Visual Studio Solution File, Format Version 12.00
# Visual Studio Version 17
VisualStudioVersion = 17.5.33414.496
MinimumVisualStudioVersion = 10.0.40219.1
Project("{FAE04EC0-301F-11D3-BF4B-00C04F79EFBC}") = "ChatGPTDemo", "ChatGPTDemo\ChatGPTDemo.csproj", "{46691942-27AD-4B1A-9C96-4A570BAE55C3}"
EndProject
Global
	GlobalSection(SolutionConfigurationPlatforms) = preSolution
		Debug|Any CPU = Debug|Any CPU
		Release|Any CPU = Release|Any CPU
	EndGlobalSection
	GlobalSection(ProjectConfigurationPlatforms) = postSolution
		{46691942-27AD-4B1A-9C96-4A570BAE55C3}.Debug|Any CPU.ActiveCfg = Debug|Any CPU
		{46691942-27AD-4B1A-9C96-4A570BAE55C3}.Debug|Any CPU.Build.0 = Debug|Any CPU
		{46691942-27AD-4B1A-9C96-4A570BAE55C3}.Release|Any CPU.ActiveCfg = Release|Any CPU
		{46691942-27AD-4B1A-9C96-4A570BAE55C3}.Release|Any CPU.Build.0 = Release|Any CPU
	EndGlobalSection
	GlobalSection(SolutionProperties) = preSolution
		HideSolutionNode = FALSE
	EndGlobalSection
	GlobalSection(ExtensibilityGlobals) = postSolution
		SolutionGuid = {9303FB8F-E93F-43F0-8666-69DF63597DDE}
	EndGlobalSection
EndGlobal
